
Microsoft Visual Studio Solution File, Format Version 12.00
# Visual Studio Version 16
VisualStudioVersion = 16.0.29418.71
MinimumVisualStudioVersion = 10.0.40219.1
Project("{FAE04EC0-301F-11D3-BF4B-00C04F79EFBC}") = "Problem1", "Problem1\Problem1.csproj", "{6D7DF10E-D494-46FF-B332-C46D6E6AE30B}"
EndProject
Project("{FAE04EC0-301F-11D3-BF4B-00C04F79EFBC}") = "UnitTestProblem1", "UnitTestProblem1\UnitTestProblem1.csproj", "{400651FE-2A1C-4090-AF28-052C7A488259}"
EndProject
Project("{FAE04EC0-301F-11D3-BF4B-00C04F79EFBC}") = "Problem2", "Problem2\Problem2.csproj", "{76E20704-2557-4D8F-B0AB-FB52B44833B8}"
EndProject
Project("{FAE04EC0-301F-11D3-BF4B-00C04F79EFBC}") = "Problem3", "Problem3\Problem3.csproj", "{215AD4C5-53AC-40ED-9B39-F20659B7B979}"
EndProject
Project("{FAE04EC0-301F-11D3-BF4B-00C04F79EFBC}") = "UnitTestProblem2", "UnitTestProblem2\UnitTestProblem2.csproj", "{331A88B8-19A5-4792-B88A-D4FE40832637}"
EndProject
Global
	GlobalSection(SolutionConfigurationPlatforms) = preSolution
		Debug|Any CPU = Debug|Any CPU
		Release|Any CPU = Release|Any CPU
	EndGlobalSection
	GlobalSection(ProjectConfigurationPlatforms) = postSolution
		{6D7DF10E-D494-46FF-B332-C46D6E6AE30B}.Debug|Any CPU.ActiveCfg = Debug|Any CPU
		{6D7DF10E-D494-46FF-B332-C46D6E6AE30B}.Debug|Any CPU.Build.0 = Debug|Any CPU
		{6D7DF10E-D494-46FF-B332-C46D6E6AE30B}.Release|Any CPU.ActiveCfg = Release|Any CPU
		{6D7DF10E-D494-46FF-B332-C46D6E6AE30B}.Release|Any CPU.Build.0 = Release|Any CPU
		{400651FE-2A1C-4090-AF28-052C7A488259}.Debug|Any CPU.ActiveCfg = Debug|Any CPU
		{400651FE-2A1C-4090-AF28-052C7A488259}.Debug|Any CPU.Build.0 = Debug|Any CPU
		{400651FE-2A1C-4090-AF28-052C7A488259}.Release|Any CPU.ActiveCfg = Release|Any CPU
		{400651FE-2A1C-4090-AF28-052C7A488259}.Release|Any CPU.Build.0 = Release|Any CPU
		{76E20704-2557-4D8F-B0AB-FB52B44833B8}.Debug|Any CPU.ActiveCfg = Debug|Any CPU
		{76E20704-2557-4D8F-B0AB-FB52B44833B8}.Debug|Any CPU.Build.0 = Debug|Any CPU
		{76E20704-2557-4D8F-B0AB-FB52B44833B8}.Release|Any CPU.ActiveCfg = Release|Any CPU
		{76E20704-2557-4D8F-B0AB-FB52B44833B8}.Release|Any CPU.Build.0 = Release|Any CPU
		{215AD4C5-53AC-40ED-9B39-F20659B7B979}.Debug|Any CPU.ActiveCfg = Debug|Any CPU
		{215AD4C5-53AC-40ED-9B39-F20659B7B979}.Debug|Any CPU.Build.0 = Debug|Any CPU
		{215AD4C5-53AC-40ED-9B39-F20659B7B979}.Release|Any CPU.ActiveCfg = Release|Any CPU
		{215AD4C5-53AC-40ED-9B39-F20659B7B979}.Release|Any CPU.Build.0 = Release|Any CPU
		{331A88B8-19A5-4792-B88A-D4FE40832637}.Debug|Any CPU.ActiveCfg = Debug|Any CPU
		{331A88B8-19A5-4792-B88A-D4FE40832637}.Debug|Any CPU.Build.0 = Debug|Any CPU
		{331A88B8-19A5-4792-B88A-D4FE40832637}.Release|Any CPU.ActiveCfg = Release|Any CPU
		{331A88B8-19A5-4792-B88A-D4FE40832637}.Release|Any CPU.Build.0 = Release|Any CPU
	EndGlobalSection
	GlobalSection(SolutionProperties) = preSolution
		HideSolutionNode = FALSE
	EndGlobalSection
	GlobalSection(ExtensibilityGlobals) = postSolution
		SolutionGuid = {BCB689B0-317D-4C6F-AD66-64342BB31572}
	EndGlobalSection
EndGlobal
